// !$*UTF8*$!
{
	archiveVersion = 1;
	classes = {
	};
	objectVersion = 46;
	objects = {

/* Begin PBXBuildFile section */
		1102F3561E5B4F870052DAB9 /* AppDelegate.swift in Sources */ = {isa = PBXBuildFile; fileRef = 1102F3551E5B4F870052DAB9 /* AppDelegate.swift */; };
		1102F3581E5B4F870052DAB9 /* ViewController.swift in Sources */ = {isa = PBXBuildFile; fileRef = 1102F3571E5B4F870052DAB9 /* ViewController.swift */; };
		1102F35B1E5B4F870052DAB9 /* Main.storyboard in Resources */ = {isa = PBXBuildFile; fileRef = 1102F3591E5B4F870052DAB9 /* Main.storyboard */; };
		1102F35D1E5B4F870052DAB9 /* Assets.xcassets in Resources */ = {isa = PBXBuildFile; fileRef = 1102F35C1E5B4F870052DAB9 /* Assets.xcassets */; };
		1102F3601E5B4F870052DAB9 /* LaunchScreen.storyboard in Resources */ = {isa = PBXBuildFile; fileRef = 1102F35E1E5B4F870052DAB9 /* LaunchScreen.storyboard */; };
		1102F3691E5B512C0052DAB9 /* RxAlamofireMapper.swift in Sources */ = {isa = PBXBuildFile; fileRef = 1102F3681E5B512C0052DAB9 /* RxAlamofireMapper.swift */; };
		1102F3771E5B51A60052DAB9 /* Alamofire.framework in Embed Frameworks */ = {isa = PBXBuildFile; fileRef = 1102F36A1E5B51A00052DAB9 /* Alamofire.framework */; settings = {ATTRIBUTES = (CodeSignOnCopy, RemoveHeadersOnCopy, ); }; };
		1102F3791E5B51A60052DAB9 /* ObjectMapper.framework in Embed Frameworks */ = {isa = PBXBuildFile; fileRef = 1102F36B1E5B51A00052DAB9 /* ObjectMapper.framework */; settings = {ATTRIBUTES = (CodeSignOnCopy, RemoveHeadersOnCopy, ); }; };
		1102F37B1E5B51A60052DAB9 /* RxBlocking.framework in Embed Frameworks */ = {isa = PBXBuildFile; fileRef = 1102F36C1E5B51A00052DAB9 /* RxBlocking.framework */; settings = {ATTRIBUTES = (CodeSignOnCopy, RemoveHeadersOnCopy, ); }; };
		1102F37D1E5B51A60052DAB9 /* RxCocoa.framework in Embed Frameworks */ = {isa = PBXBuildFile; fileRef = 1102F36D1E5B51A00052DAB9 /* RxCocoa.framework */; settings = {ATTRIBUTES = (CodeSignOnCopy, RemoveHeadersOnCopy, ); }; };
		1102F37F1E5B51A60052DAB9 /* RxSwift.framework in Embed Frameworks */ = {isa = PBXBuildFile; fileRef = 1102F36E1E5B51A00052DAB9 /* RxSwift.framework */; settings = {ATTRIBUTES = (CodeSignOnCopy, RemoveHeadersOnCopy, ); }; };
		1102F3811E5B51A60052DAB9 /* RxTest.framework in Embed Frameworks */ = {isa = PBXBuildFile; fileRef = 1102F36F1E5B51A00052DAB9 /* RxTest.framework */; settings = {ATTRIBUTES = (CodeSignOnCopy, RemoveHeadersOnCopy, ); }; };
		1102F3841E5B52070052DAB9 /* DemoClasses.swift in Sources */ = {isa = PBXBuildFile; fileRef = 1102F3831E5B52070052DAB9 /* DemoClasses.swift */; };
/* End PBXBuildFile section */

/* Begin PBXCopyFilesBuildPhase section */
		1102F3821E5B51A60052DAB9 /* Embed Frameworks */ = {
			isa = PBXCopyFilesBuildPhase;
			buildActionMask = 2147483647;
			dstPath = "";
			dstSubfolderSpec = 10;
			files = (
				1102F37F1E5B51A60052DAB9 /* RxSwift.framework in Embed Frameworks */,
				1102F37D1E5B51A60052DAB9 /* RxCocoa.framework in Embed Frameworks */,
				1102F3811E5B51A60052DAB9 /* RxTest.framework in Embed Frameworks */,
				1102F3791E5B51A60052DAB9 /* ObjectMapper.framework in Embed Frameworks */,
				1102F3771E5B51A60052DAB9 /* Alamofire.framework in Embed Frameworks */,
				1102F37B1E5B51A60052DAB9 /* RxBlocking.framework in Embed Frameworks */,
			);
			name = "Embed Frameworks";
			runOnlyForDeploymentPostprocessing = 0;
		};
/* End PBXCopyFilesBuildPhase section */

/* Begin PBXFileReference section */
		1102F3521E5B4F870052DAB9 /* RxAlamofireMapper.app */ = {isa = PBXFileReference; explicitFileType = wrapper.application; includeInIndex = 0; path = RxAlamofireMapper.app; sourceTree = BUILT_PRODUCTS_DIR; };
		1102F3551E5B4F870052DAB9 /* AppDelegate.swift */ = {isa = PBXFileReference; lastKnownFileType = sourcecode.swift; path = AppDelegate.swift; sourceTree = "<group>"; };
		1102F3571E5B4F870052DAB9 /* ViewController.swift */ = {isa = PBXFileReference; lastKnownFileType = sourcecode.swift; path = ViewController.swift; sourceTree = "<group>"; };
		1102F35A1E5B4F870052DAB9 /* Base */ = {isa = PBXFileReference; lastKnownFileType = file.storyboard; name = Base; path = Base.lproj/Main.storyboard; sourceTree = "<group>"; };
		1102F35C1E5B4F870052DAB9 /* Assets.xcassets */ = {isa = PBXFileReference; lastKnownFileType = folder.assetcatalog; path = Assets.xcassets; sourceTree = "<group>"; };
		1102F35F1E5B4F870052DAB9 /* Base */ = {isa = PBXFileReference; lastKnownFileType = file.storyboard; name = Base; path = Base.lproj/LaunchScreen.storyboard; sourceTree = "<group>"; };
		1102F3611E5B4F870052DAB9 /* Info.plist */ = {isa = PBXFileReference; lastKnownFileType = text.plist.xml; path = Info.plist; sourceTree = "<group>"; };
		1102F3681E5B512C0052DAB9 /* RxAlamofireMapper.swift */ = {isa = PBXFileReference; fileEncoding = 4; lastKnownFileType = sourcecode.swift; path = RxAlamofireMapper.swift; sourceTree = "<group>"; };
		1102F36A1E5B51A00052DAB9 /* Alamofire.framework */ = {isa = PBXFileReference; lastKnownFileType = wrapper.framework; path = Alamofire.framework; sourceTree = "<group>"; };
		1102F36B1E5B51A00052DAB9 /* ObjectMapper.framework */ = {isa = PBXFileReference; lastKnownFileType = wrapper.framework; path = ObjectMapper.framework; sourceTree = "<group>"; };
		1102F36C1E5B51A00052DAB9 /* RxBlocking.framework */ = {isa = PBXFileReference; lastKnownFileType = wrapper.framework; path = RxBlocking.framework; sourceTree = "<group>"; };
		1102F36D1E5B51A00052DAB9 /* RxCocoa.framework */ = {isa = PBXFileReference; lastKnownFileType = wrapper.framework; path = RxCocoa.framework; sourceTree = "<group>"; };
		1102F36E1E5B51A00052DAB9 /* RxSwift.framework */ = {isa = PBXFileReference; lastKnownFileType = wrapper.framework; path = RxSwift.framework; sourceTree = "<group>"; };
		1102F36F1E5B51A00052DAB9 /* RxTest.framework */ = {isa = PBXFileReference; lastKnownFileType = wrapper.framework; path = RxTest.framework; sourceTree = "<group>"; };
		1102F3831E5B52070052DAB9 /* DemoClasses.swift */ = {isa = PBXFileReference; fileEncoding = 4; lastKnownFileType = sourcecode.swift; path = DemoClasses.swift; sourceTree = "<group>"; };
/* End PBXFileReference section */

/* Begin PBXFrameworksBuildPhase section */
		1102F34F1E5B4F870052DAB9 /* Frameworks */ = {
			isa = PBXFrameworksBuildPhase;
			buildActionMask = 2147483647;
			files = (
			);
			runOnlyForDeploymentPostprocessing = 0;
		};
/* End PBXFrameworksBuildPhase section */

/* Begin PBXGroup section */
		1102F3491E5B4F870052DAB9 = {
			isa = PBXGroup;
			children = (
				1102F3831E5B52070052DAB9 /* DemoClasses.swift */,
				1102F3541E5B4F870052DAB9 /* RxAlamofireMapper */,
				1102F3531E5B4F870052DAB9 /* Products */,
			);
			sourceTree = "<group>";
		};
		1102F3531E5B4F870052DAB9 /* Products */ = {
			isa = PBXGroup;
			children = (
				1102F3521E5B4F870052DAB9 /* RxAlamofireMapper.app */,
			);
			name = Products;
			sourceTree = "<group>";
		};
		1102F3541E5B4F870052DAB9 /* RxAlamofireMapper */ = {
			isa = PBXGroup;
			children = (
				1102F36A1E5B51A00052DAB9 /* Alamofire.framework */,
				1102F36B1E5B51A00052DAB9 /* ObjectMapper.framework */,
				1102F36C1E5B51A00052DAB9 /* RxBlocking.framework */,
				1102F36D1E5B51A00052DAB9 /* RxCocoa.framework */,
				1102F36E1E5B51A00052DAB9 /* RxSwift.framework */,
				1102F36F1E5B51A00052DAB9 /* RxTest.framework */,
				1102F3671E5B511B0052DAB9 /* Sources */,
				1102F3551E5B4F870052DAB9 /* AppDelegate.swift */,
				1102F3571E5B4F870052DAB9 /* ViewController.swift */,
				1102F3591E5B4F870052DAB9 /* Main.storyboard */,
				1102F35C1E5B4F870052DAB9 /* Assets.xcassets */,
				1102F35E1E5B4F870052DAB9 /* LaunchScreen.storyboard */,
				1102F3611E5B4F870052DAB9 /* Info.plist */,
			);
			path = RxAlamofireMapper;
			sourceTree = "<group>";
		};
		1102F3671E5B511B0052DAB9 /* Sources */ = {
			isa = PBXGroup;
			children = (
				1102F3681E5B512C0052DAB9 /* RxAlamofireMapper.swift */,
			);
			name = Sources;
			sourceTree = "<group>";
		};
/* End PBXGroup section */

/* Begin PBXNativeTarget section */
		1102F3511E5B4F870052DAB9 /* RxAlamofireMapper */ = {
			isa = PBXNativeTarget;
			buildConfigurationList = 1102F3641E5B4F870052DAB9 /* Build configuration list for PBXNativeTarget "RxAlamofireMapper" */;
			buildPhases = (
				1102F34E1E5B4F870052DAB9 /* Sources */,
				1102F34F1E5B4F870052DAB9 /* Frameworks */,
				1102F3501E5B4F870052DAB9 /* Resources */,
				1102F3821E5B51A60052DAB9 /* Embed Frameworks */,
			);
			buildRules = (
			);
			dependencies = (
			);
			name = RxAlamofireMapper;
			productName = RxAlamofireMapper;
			productReference = 1102F3521E5B4F870052DAB9 /* RxAlamofireMapper.app */;
			productType = "com.apple.product-type.application";
		};
/* End PBXNativeTarget section */

/* Begin PBXProject section */
		1102F34A1E5B4F870052DAB9 /* Project object */ = {
			isa = PBXProject;
			attributes = {
				LastSwiftUpdateCheck = 0820;
				LastUpgradeCheck = 0820;
				ORGANIZATIONNAME = "Wassim Seifeddine";
				TargetAttributes = {
					1102F3511E5B4F870052DAB9 = {
						CreatedOnToolsVersion = 8.2.1;
						DevelopmentTeam = 4LQ43Y6TLH;
						ProvisioningStyle = Automatic;
					};
				};
			};
			buildConfigurationList = 1102F34D1E5B4F870052DAB9 /* Build configuration list for PBXProject "RxAlamofireMapper" */;
			compatibilityVersion = "Xcode 3.2";
			developmentRegion = English;
			hasScannedForEncodings = 0;
			knownRegions = (
				en,
				Base,
			);
			mainGroup = 1102F3491E5B4F870052DAB9;
			productRefGroup = 1102F3531E5B4F870052DAB9 /* Products */;
			projectDirPath = "";
			projectRoot = "";
			targets = (
				1102F3511E5B4F870052DAB9 /* RxAlamofireMapper */,
			);
		};
/* End PBXProject section */

/* Begin PBXResourcesBuildPhase section */
		1102F3501E5B4F870052DAB9 /* Resources */ = {
			isa = PBXResourcesBuildPhase;
			buildActionMask = 2147483647;
			files = (
				1102F3601E5B4F870052DAB9 /* LaunchScreen.storyboard in Resources */,
				1102F35D1E5B4F870052DAB9 /* Assets.xcassets in Resources */,
				1102F35B1E5B4F870052DAB9 /* Main.storyboard in Resources */,
			);
			runOnlyForDeploymentPostprocessing = 0;
		};
/* End PBXResourcesBuildPhase section */

/* Begin PBXSourcesBuildPhase section */
		1102F34E1E5B4F870052DAB9 /* Sources */ = {
			isa = PBXSourcesBuildPhase;
			buildActionMask = 2147483647;
			files = (
				1102F3691E5B512C0052DAB9 /* RxAlamofireMapper.swift in Sources */,
				1102F3581E5B4F870052DAB9 /* ViewController.swift in Sources */,
				1102F3561E5B4F870052DAB9 /* AppDelegate.swift in Sources */,
				1102F3841E5B52070052DAB9 /* DemoClasses.swift in Sources */,
			);
			runOnlyForDeploymentPostprocessing = 0;
		};
/* End PBXSourcesBuildPhase section */

/* Begin PBXVariantGroup section */
		1102F3591E5B4F870052DAB9 /* Main.storyboard */ = {
			isa = PBXVariantGroup;
			children = (
				1102F35A1E5B4F870052DAB9 /* Base */,
			);
			name = Main.storyboard;
			sourceTree = "<group>";
		};
		1102F35E1E5B4F870052DAB9 /* LaunchScreen.storyboard */ = {
			isa = PBXVariantGroup;
			children = (
				1102F35F1E5B4F870052DAB9 /* Base */,
			);
			name = LaunchScreen.storyboard;
			sourceTree = "<group>";
		};
/* End PBXVariantGroup section */

/* Begin XCBuildConfiguration section */
		1102F3621E5B4F870052DAB9 /* Debug */ = {
			isa = XCBuildConfiguration;
			buildSettings = {
				ALWAYS_SEARCH_USER_PATHS = NO;
				CLANG_ANALYZER_NONNULL = YES;
				CLANG_CXX_LANGUAGE_STANDARD = "gnu++0x";
				CLANG_CXX_LIBRARY = "libc++";
				CLANG_ENABLE_MODULES = YES;
				CLANG_ENABLE_OBJC_ARC = YES;
				CLANG_WARN_BOOL_CONVERSION = YES;
				CLANG_WARN_CONSTANT_CONVERSION = YES;
				CLANG_WARN_DIRECT_OBJC_ISA_USAGE = YES_ERROR;
				CLANG_WARN_DOCUMENTATION_COMMENTS = YES;
				CLANG_WARN_EMPTY_BODY = YES;
				CLANG_WARN_ENUM_CONVERSION = YES;
				CLANG_WARN_INFINITE_RECURSION = YES;
				CLANG_WARN_INT_CONVERSION = YES;
				CLANG_WARN_OBJC_ROOT_CLASS = YES_ERROR;
				CLANG_WARN_SUSPICIOUS_MOVE = YES;
				CLANG_WARN_UNREACHABLE_CODE = YES;
				CLANG_WARN__DUPLICATE_METHOD_MATCH = YES;
				"CODE_SIGN_IDENTITY[sdk=iphoneos*]" = "iPhone Developer";
				COPY_PHASE_STRIP = NO;
				DEBUG_INFORMATION_FORMAT = dwarf;
				ENABLE_STRICT_OBJC_MSGSEND = YES;
				ENABLE_TESTABILITY = YES;
				GCC_C_LANGUAGE_STANDARD = gnu99;
				GCC_DYNAMIC_NO_PIC = NO;
				GCC_NO_COMMON_BLOCKS = YES;
				GCC_OPTIMIZATION_LEVEL = 0;
				GCC_PREPROCESSOR_DEFINITIONS = (
					"DEBUG=1",
					"$(inherited)",
				);
				GCC_WARN_64_TO_32_BIT_CONVERSION = YES;
				GCC_WARN_ABOUT_RETURN_TYPE = YES_ERROR;
				GCC_WARN_UNDECLARED_SELECTOR = YES;
				GCC_WARN_UNINITIALIZED_AUTOS = YES_AGGRESSIVE;
				GCC_WARN_UNUSED_FUNCTION = YES;
				GCC_WARN_UNUSED_VARIABLE = YES;
				IPHONEOS_DEPLOYMENT_TARGET = 10.2;
				MTL_ENABLE_DEBUG_INFO = YES;
				ONLY_ACTIVE_ARCH = YES;
				SDKROOT = iphoneos;
				SWIFT_ACTIVE_COMPILATION_CONDITIONS = DEBUG;
				SWIFT_OPTIMIZATION_LEVEL = "-Onone";
			};
			name = Debug;
		};
		1102F3631E5B4F870052DAB9 /* Release */ = {
			isa = XCBuildConfiguration;
			buildSettings = {
				ALWAYS_SEARCH_USER_PATHS = NO;
				CLANG_ANALYZER_NONNULL = YES;
				CLANG_CXX_LANGUAGE_STANDARD = "gnu++0x";
				CLANG_CXX_LIBRARY = "libc++";
				CLANG_ENABLE_MODULES = YES;
				CLANG_ENABLE_OBJC_ARC = YES;
				CLANG_WARN_BOOL_CONVERSION = YES;
				CLANG_WARN_CONSTANT_CONVERSION = YES;
				CLANG_WARN_DIRECT_OBJC_ISA_USAGE = YES_ERROR;
				CLANG_WARN_DOCUMENTATION_COMMENTS = YES;
				CLANG_WARN_EMPTY_BODY = YES;
				CLANG_WARN_ENUM_CONVERSION = YES;
				CLANG_WARN_INFINITE_RECURSION = YES;
				CLANG_WARN_INT_CONVERSION = YES;
				CLANG_WARN_OBJC_ROOT_CLASS = YES_ERROR;
				CLANG_WARN_SUSPICIOUS_MOVE = YES;
				CLANG_WARN_UNREACHABLE_CODE = YES;
				CLANG_WARN__DUPLICATE_METHOD_MATCH = YES;
				"CODE_SIGN_IDENTITY[sdk=iphoneos*]" = "iPhone Developer";
				COPY_PHASE_STRIP = NO;
				DEBUG_INFORMATION_FORMAT = "dwarf-with-dsym";
				ENABLE_NS_ASSERTIONS = NO;
				ENABLE_STRICT_OBJC_MSGSEND = YES;
				GCC_C_LANGUAGE_STANDARD = gnu99;
				GCC_NO_COMMON_BLOCKS = YES;
				GCC_WARN_64_TO_32_BIT_CONVERSION = YES;
				GCC_WARN_ABOUT_RETURN_TYPE = YES_ERROR;
				GCC_WARN_UNDECLARED_SELECTOR = YES;
				GCC_WARN_UNINITIALIZED_AUTOS = YES_AGGRESSIVE;
				GCC_WARN_UNUSED_FUNCTION = YES;
				GCC_WARN_UNUSED_VARIABLE = YES;
				IPHONEOS_DEPLOYMENT_TARGET = 10.2;
				MTL_ENABLE_DEBUG_INFO = NO;
				SDKROOT = iphoneos;
				SWIFT_OPTIMIZATION_LEVEL = "-Owholemodule";
				VALIDATE_PRODUCT = YES;
			};
			name = Release;
		};
		1102F3651E5B4F870052DAB9 /* Debug */ = {
			isa = XCBuildConfiguration;
			buildSettings = {
				ASSETCATALOG_COMPILER_APPICON_NAME = AppIcon;
				DEVELOPMENT_TEAM = 4LQ43Y6TLH;
				FRAMEWORK_SEARCH_PATHS = (
					"$(inherited)",
					"$(PROJECT_DIR)/RxAlamofireMapper",
				);
				INFOPLIST_FILE = RxAlamofireMapper/Info.plist;
				LD_RUNPATH_SEARCH_PATHS = "$(inherited) @executable_path/Frameworks";
				PRODUCT_BUNDLE_IDENTIFIER = com.apprazy.RxAlamofireMapper;
				PRODUCT_NAME = "$(TARGET_NAME)";
				SWIFT_VERSION = 3.0;
			};
			name = Debug;
		};
		1102F3661E5B4F870052DAB9 /* Release */ = {
			isa = XCBuildConfiguration;
			buildSettings = {
				ASSETCATALOG_COMPILER_APPICON_NAME = AppIcon;
				DEVELOPMENT_TEAM = 4LQ43Y6TLH;
				FRAMEWORK_SEARCH_PATHS = (
					"$(inherited)",
					"$(PROJECT_DIR)/RxAlamofireMapper",
				);
				INFOPLIST_FILE = RxAlamofireMapper/Info.plist;
				LD_RUNPATH_SEARCH_PATHS = "$(inherited) @executable_path/Frameworks";
				PRODUCT_BUNDLE_IDENTIFIER = com.apprazy.RxAlamofireMapper;
				PRODUCT_NAME = "$(TARGET_NAME)";
				SWIFT_VERSION = 3.0;
			};
			name = Release;
		};
/* End XCBuildConfiguration section */

/* Begin XCConfigurationList section */
		1102F34D1E5B4F870052DAB9 /* Build configuration list for PBXProject "RxAlamofireMapper" */ = {
			isa = XCConfigurationList;
			buildConfigurations = (
				1102F3621E5B4F870052DAB9 /* Debug */,
				1102F3631E5B4F870052DAB9 /* Release */,
			);
			defaultConfigurationIsVisible = 0;
			defaultConfigurationName = Release;
		};
		1102F3641E5B4F870052DAB9 /* Build configuration list for PBXNativeTarget "RxAlamofireMapper" */ = {
			isa = XCConfigurationList;
			buildConfigurations = (
				1102F3651E5B4F870052DAB9 /* Debug */,
				1102F3661E5B4F870052DAB9 /* Release */,
			);
			defaultConfigurationIsVisible = 0;
		};
/* End XCConfigurationList section */
	};
	rootObject = 1102F34A1E5B4F870052DAB9 /* Project object */;
}
